<?xml version="1.0" encoding="utf-8"?>
<Project ToolsVersion="4.0" xmlns="http://schemas.microsoft.com/developer/msbuild/2003">
  <ItemGroup>
    <Filter Include="Исходные файлы">
      <UniqueIdentifier>{4FC737F1-C7A5-4376-A066-2A32D752A2FF}</UniqueIdentifier>
      <Extensions>cpp;c;cc;cxx;c++;cppm;ixx;def;odl;idl;hpj;bat;asm;asmx</Extensions>
    </Filter>
    <Filter Include="Файлы заголовков">
      <UniqueIdentifier>{93995380-89BD-4b04-88EB-625FBE52EBFB}</UniqueIdentifier>
      <Extensions>h;hh;hpp;hxx;h++;hm;inl;inc;ipp;xsd</Extensions>
    </Filter>
    <Filter Include="Файлы ресурсов">
      <UniqueIdentifier>{67DA6AB6-F800-4c08-8B7A-83BB121AAD01}</UniqueIdentifier>
      <Extensions>rc;ico;cur;bmp;dlg;rc2;rct;bin;rgs;gif;jpg;jpeg;jpe;resx;tiff;tif;png;wav;mfcribbon-ms</Extensions>
    </Filter>
    <Filter Include="Исходные файлы\Shaders">
      <UniqueIdentifier>{78f43d7e-faf2-46e2-b5f8-bb109b6c6444}</UniqueIdentifier>
    </Filter>
    <Filter Include="Исходные файлы\Textures">
      <UniqueIdentifier>{4df0bf6f-2b4f-4cdf-b816-ef0ca3dd13d7}</UniqueIdentifier>
    </Filter>
  </ItemGroup>
  <ItemGroup>
    <ClCompile Include="glad.c">
      <Filter>Файлы ресурсов</Filter>
    </ClCompile>
    <ClCompile Include="Main.cpp">
      <Filter>Файлы ресурсов</Filter>
    </ClCompile>
    <ClCompile Include="stb.cpp">
      <Filter>Файлы ресурсов</Filter>
    </ClCompile>
  </ItemGroup>
  <ItemGroup>
    <None Include="Skybox.vert">
      <Filter>Исходные файлы\Shaders</Filter>
    </None>
    <None Include="Skybox.frag">
      <Filter>Исходные файлы\Shaders</Filter>
    </None>
    <None Include="Potion.vert">
      <Filter>Исходные файлы\Shaders</Filter>
    </None>
    <None Include="Potion.frag">
      <Filter>Исходные файлы\Shaders</Filter>
    </None>
    <None Include="Flame.frag">
      <Filter>Исходные файлы\Shaders</Filter>
    </None>
    <None Include="Flame.vert">
      <Filter>Исходные файлы\Shaders</Filter>
    </None>
    <None Include="Clock.vert">
      <Filter>Исходные файлы\Shaders</Filter>
    </None>
    <None Include="Clock.frag">
      <Filter>Исходные файлы\Shaders</Filter>
    </None>
    <None Include="Bone.frag">
      <Filter>Исходные файлы\Shaders</Filter>
    </None>
    <None Include="Bone.vert">
      <Filter>Исходные файлы\Shaders</Filter>
    </None>
    <None Include="Models.frag">
      <Filter>Исходные файлы\Shaders</Filter>
    </None>
    <None Include="Models.vert">
      <Filter>Исходные файлы\Shaders</Filter>
    </None>
    <None Include="Glass.frag">
      <Filter>Исходные файлы\Shaders</Filter>
    </None>
    <None Include="Glass.vert">
      <Filter>Исходные файлы\Shaders</Filter>
    </None>
  </ItemGroup>
  <ItemGroup>
    <ClInclude Include="Camera.h">
      <Filter>Файлы заголовков</Filter>
    </ClInclude>
    <ClInclude Include="Mesh.h">
      <Filter>Файлы заголовков</Filter>
    </ClInclude>
    <ClInclude Include="Model.h">
      <Filter>Файлы заголовков</Filter>
    </ClInclude>
    <ClInclude Include="Cube.h">
      <Filter>Файлы заголовков</Filter>
    </ClInclude>
    <ClInclude Include="Skybox.h">
      <Filter>Файлы заголовков</Filter>
    </ClInclude>
    <ClInclude Include="Bone.h">
      <Filter>Файлы заголовков</Filter>
    </ClInclude>
    <ClInclude Include="Flame.h">
      <Filter>Файлы заголовков</Filter>
    </ClInclude>
    <ClInclude Include="Light.h">
      <Filter>Файлы заголовков</Filter>
    </ClInclude>
    <ClInclude Include="Shader.h">
      <Filter>Файлы заголовков</Filter>
    </ClInclude>
    <ClInclude Include="Potion.h">
      <Filter>Файлы заголовков</Filter>
    </ClInclude>
    <ClInclude Include="Parameters.h">
      <Filter>Файлы заголовков</Filter>
    </ClInclude>
    <ClInclude Include="Glass.h">
      <Filter>Файлы заголовков</Filter>
    </ClInclude>
    <ClInclude Include="Clock.h">
      <Filter>Файлы заголовков</Filter>
    </ClInclude>
    <ClInclude Include="Crosshair.h">
      <Filter>Файлы заголовков</Filter>
    </ClInclude>
  </ItemGroup>
  <ItemGroup>
    <Image Include="C:\Users\ЗИЛ-157\Downloads\pop_cat.png">
      <Filter>Исходные файлы\Textures</Filter>
    </Image>
    <Image Include="C:\Users\ЗИЛ-157\Downloads\brick.png">
      <Filter>Исходные файлы\Textures</Filter>
    </Image>
    <Image Include="C:\Users\ЗИЛ-157\Downloads\planks.png">
      <Filter>Исходные файлы\Textures</Filter>
    </Image>
    <Image Include="C:\Users\ЗИЛ-157\Downloads\planksSpec.png">
      <Filter>Исходные файлы\Textures</Filter>
    </Image>
  </ItemGroup>
</Project>